
Microsoft Visual Studio Solution File, Format Version 12.00
# Visual Studio Version 16
VisualStudioVersion = 16.0.29009.5
MinimumVisualStudioVersion = 10.0.40219.1
Project("{9A19103F-16F7-4668-BE54-9A1E7A4F7556}") = "TheHotelApp", "TheHotelApp.csproj", "{5E5B1978-2348-4243-8620-CDB57DA3335E}"
EndProject
Project("{2150E333-8FDC-42A3-9474-1A3956D46DE8}") = "Library", "Library", "{6A463E5F-BD3D-4711-9072-5C0BD213C905}"
EndProject
Project("{9A19103F-16F7-4668-BE54-9A1E7A4F7556}") = "SQLHelper", "..\SQLHelper\SQLHelper.csproj", "{ED877003-E99C-4008-86A2-7F89A1FBE822}"
EndProject
Project("{FAE04EC0-301F-11D3-BF4B-00C04F79EFBC}") = "Dashboard", "..\Dashboard\Dashboard.csproj", "{DB2F90F6-AD7B-4148-A79C-2D1AC711899C}"
EndProject
Global
	GlobalSection(SolutionConfigurationPlatforms) = preSolution
		Debug|Any CPU = Debug|Any CPU
		Release|Any CPU = Release|Any CPU
	EndGlobalSection
	GlobalSection(ProjectConfigurationPlatforms) = postSolution
		{5E5B1978-2348-4243-8620-CDB57DA3335E}.Debug|Any CPU.ActiveCfg = Debug|Any CPU
		{5E5B1978-2348-4243-8620-CDB57DA3335E}.Debug|Any CPU.Build.0 = Debug|Any CPU
		{5E5B1978-2348-4243-8620-CDB57DA3335E}.Release|Any CPU.ActiveCfg = Release|Any CPU
		{5E5B1978-2348-4243-8620-CDB57DA3335E}.Release|Any CPU.Build.0 = Release|Any CPU
		{ED877003-E99C-4008-86A2-7F89A1FBE822}.Debug|Any CPU.ActiveCfg = Debug|Any CPU
		{ED877003-E99C-4008-86A2-7F89A1FBE822}.Debug|Any CPU.Build.0 = Debug|Any CPU
		{ED877003-E99C-4008-86A2-7F89A1FBE822}.Release|Any CPU.ActiveCfg = Release|Any CPU
		{ED877003-E99C-4008-86A2-7F89A1FBE822}.Release|Any CPU.Build.0 = Release|Any CPU
		{DB2F90F6-AD7B-4148-A79C-2D1AC711899C}.Debug|Any CPU.ActiveCfg = Debug|Any CPU
		{DB2F90F6-AD7B-4148-A79C-2D1AC711899C}.Debug|Any CPU.Build.0 = Debug|Any CPU
		{DB2F90F6-AD7B-4148-A79C-2D1AC711899C}.Release|Any CPU.ActiveCfg = Release|Any CPU
		{DB2F90F6-AD7B-4148-A79C-2D1AC711899C}.Release|Any CPU.Build.0 = Release|Any CPU
	EndGlobalSection
	GlobalSection(SolutionProperties) = preSolution
		HideSolutionNode = FALSE
	EndGlobalSection
	GlobalSection(NestedProjects) = preSolution
		{ED877003-E99C-4008-86A2-7F89A1FBE822} = {6A463E5F-BD3D-4711-9072-5C0BD213C905}
		{DB2F90F6-AD7B-4148-A79C-2D1AC711899C} = {6A463E5F-BD3D-4711-9072-5C0BD213C905}
	EndGlobalSection
	GlobalSection(ExtensibilityGlobals) = postSolution
		SolutionGuid = {5003FDC9-4A7B-4CEC-9112-9FF529AE1D5F}
	EndGlobalSection
EndGlobal
